
Microsoft Visual Studio Solution File, Format Version 12.00
# Visual Studio Version 16
VisualStudioVersion = 16.0.30503.244
MinimumVisualStudioVersion = 10.0.40219.1
Project("{9A19103F-16F7-4668-BE54-9A1E7A4F7556}") = "MarsRover", "MarsRover.csproj", "{15E49078-D4F8-41ED-A1C3-DC6CBFF349B9}"
EndProject
Project("{FAE04EC0-301F-11D3-BF4B-00C04F79EFBC}") = "MarsRover.Tests", "..\marsRover.Tests\MarsRover.Tests.csproj", "{6ACE2EEB-DBD6-4BDC-868B-DFE79B114647}"
	ProjectSection(ProjectDependencies) = postProject
		{15E49078-D4F8-41ED-A1C3-DC6CBFF349B9} = {15E49078-D4F8-41ED-A1C3-DC6CBFF349B9}
	EndProjectSection
EndProject
Global
	GlobalSection(SolutionConfigurationPlatforms) = preSolution
		Debug|Any CPU = Debug|Any CPU
		Release|Any CPU = Release|Any CPU
	EndGlobalSection
	GlobalSection(ProjectConfigurationPlatforms) = postSolution
		{15E49078-D4F8-41ED-A1C3-DC6CBFF349B9}.Debug|Any CPU.ActiveCfg = Debug|Any CPU
		{15E49078-D4F8-41ED-A1C3-DC6CBFF349B9}.Debug|Any CPU.Build.0 = Debug|Any CPU
		{15E49078-D4F8-41ED-A1C3-DC6CBFF349B9}.Release|Any CPU.ActiveCfg = Release|Any CPU
		{15E49078-D4F8-41ED-A1C3-DC6CBFF349B9}.Release|Any CPU.Build.0 = Release|Any CPU
		{6ACE2EEB-DBD6-4BDC-868B-DFE79B114647}.Debug|Any CPU.ActiveCfg = Debug|Any CPU
		{6ACE2EEB-DBD6-4BDC-868B-DFE79B114647}.Debug|Any CPU.Build.0 = Debug|Any CPU
		{6ACE2EEB-DBD6-4BDC-868B-DFE79B114647}.Release|Any CPU.ActiveCfg = Release|Any CPU
		{6ACE2EEB-DBD6-4BDC-868B-DFE79B114647}.Release|Any CPU.Build.0 = Release|Any CPU
	EndGlobalSection
	GlobalSection(SolutionProperties) = preSolution
		HideSolutionNode = FALSE
	EndGlobalSection
	GlobalSection(ExtensibilityGlobals) = postSolution
		SolutionGuid = {3A06D971-9EAA-489F-BC6D-DFE8BE106205}
	EndGlobalSection
EndGlobal
